
Microsoft Visual Studio Solution File, Format Version 12.00
# Visual Studio Version 16
VisualStudioVersion = 16.0.34931.43
MinimumVisualStudioVersion = 10.0.40219.1
Project("{FAE04EC0-301F-11D3-BF4B-00C04F79EFBC}") = "CommonCmpLib", "CommonCmpLib\CommonCmpLib.csproj", "{B767684C-7A89-4340-BD85-46A7088CD717}"
EndProject
Project("{FAE04EC0-301F-11D3-BF4B-00C04F79EFBC}") = "CommonCmpLib.Test", "CommonCmpLib.Test\CommonCmpLib.Test.csproj", "{BDA17160-BD4E-4C80-987A-227F1FBA1DA8}"
EndProject
Global
	GlobalSection(SolutionConfigurationPlatforms) = preSolution
		Debug|Any CPU = Debug|Any CPU
		Release|Any CPU = Release|Any CPU
	EndGlobalSection
	GlobalSection(ProjectConfigurationPlatforms) = postSolution
		{B767684C-7A89-4340-BD85-46A7088CD717}.Debug|Any CPU.ActiveCfg = Debug|Any CPU
		{B767684C-7A89-4340-BD85-46A7088CD717}.Debug|Any CPU.Build.0 = Debug|Any CPU
		{B767684C-7A89-4340-BD85-46A7088CD717}.Release|Any CPU.ActiveCfg = Release|Any CPU
		{B767684C-7A89-4340-BD85-46A7088CD717}.Release|Any CPU.Build.0 = Release|Any CPU
		{BDA17160-BD4E-4C80-987A-227F1FBA1DA8}.Debug|Any CPU.ActiveCfg = Debug|Any CPU
		{BDA17160-BD4E-4C80-987A-227F1FBA1DA8}.Debug|Any CPU.Build.0 = Debug|Any CPU
		{BDA17160-BD4E-4C80-987A-227F1FBA1DA8}.Release|Any CPU.ActiveCfg = Release|Any CPU
		{BDA17160-BD4E-4C80-987A-227F1FBA1DA8}.Release|Any CPU.Build.0 = Release|Any CPU
	EndGlobalSection
	GlobalSection(SolutionProperties) = preSolution
		HideSolutionNode = FALSE
	EndGlobalSection
	GlobalSection(ExtensibilityGlobals) = postSolution
		SolutionGuid = {AACA5DD9-3902-43BA-8E64-B5125F128BC9}
	EndGlobalSection
EndGlobal
